// !$*UTF8*$!
{
	archiveVersion = 1;
	classes = {
	};
	objectVersion = 46;
	objects = {

/* Begin PBXBuildFile section */
		0B79238F8DA2F6999460998C /* Foundation.framework in Frameworks */ = {isa = PBXBuildFile; fileRef = DE8960D3266B12E341B96EF6 /* Foundation.framework */; };
		1D5509D4927F8938236DD00B /* Pods_MovileNext.framework in Frameworks */ = {isa = PBXBuildFile; fileRef = 715FFFE80D687B2C0485F9BE /* Pods_MovileNext.framework */; settings = {ATTRIBUTES = (Weak, ); }; };
		2CF0773C27B7E5356FCBD7ED /* Storyboards.swift in Sources */ = {isa = PBXBuildFile; fileRef = 082BB50A1B68F2A726A2C502 /* Storyboards.swift */; };
		353426A7CC7C8CAFC5ACD9FF /* AppDelegate.swift in Sources */ = {isa = PBXBuildFile; fileRef = CB941FF0C7299D4A14B207FC /* AppDelegate.swift */; };
		869DFEBA58598BA654A32399 /* Images.xcassets in Resources */ = {isa = PBXBuildFile; fileRef = AE6A526B85D4B3829DA75E96 /* Images.xcassets */; };
		A4C2C8E75417D3085A158438 /* Main.storyboard in Sources */ = {isa = PBXBuildFile; fileRef = ADA07210872EF40D38E0B376 /* Main.storyboard */; };
		CE0457CF1B2DC0B900931D8E /* EpisodesListViewController.swift in Sources */ = {isa = PBXBuildFile; fileRef = CE0457CE1B2DC0B900931D8E /* EpisodesListViewController.swift */; };
		CE7759321B2DCCAB00609D55 /* EpisodeTableViewCell.swift in Sources */ = {isa = PBXBuildFile; fileRef = CE7759311B2DCCAB00609D55 /* EpisodeTableViewCell.swift */; };
		CE7759341B2DD41100609D55 /* ShowsViewController.swift in Sources */ = {isa = PBXBuildFile; fileRef = CE7759331B2DD41100609D55 /* ShowsViewController.swift */; };
		CE7759361B2DFAB200609D55 /* ShowItemCollectionViewCell.swift in Sources */ = {isa = PBXBuildFile; fileRef = CE7759351B2DFAB200609D55 /* ShowItemCollectionViewCell.swift */; };
		CE7759381B2E1AA200609D55 /* TraktHTTPClient.swift in Sources */ = {isa = PBXBuildFile; fileRef = CE7759371B2E1AA200609D55 /* TraktHTTPClient.swift */; };
		CE7D042C1B3EE5D4007EA4BE /* DetailShowViewController.swift in Sources */ = {isa = PBXBuildFile; fileRef = CE7D042B1B3EE5D4007EA4BE /* DetailShowViewController.swift */; };
		CE7D042E1B3EEC08007EA4BE /* OverviewShowViewController.swift in Sources */ = {isa = PBXBuildFile; fileRef = CE7D042D1B3EEC08007EA4BE /* OverviewShowViewController.swift */; };
		CE7D04301B3EEC48007EA4BE /* SeasonsViewController.swift in Sources */ = {isa = PBXBuildFile; fileRef = CE7D042F1B3EEC48007EA4BE /* SeasonsViewController.swift */; };
		CE7D04321B3EEC84007EA4BE /* ShowGenresViewController.swift in Sources */ = {isa = PBXBuildFile; fileRef = CE7D04311B3EEC84007EA4BE /* ShowGenresViewController.swift */; };
		CE7D04341B3EECA3007EA4BE /* ShowDetailsViewController.swift in Sources */ = {isa = PBXBuildFile; fileRef = CE7D04331B3EECA3007EA4BE /* ShowDetailsViewController.swift */; };
		CE7D04361B3EF928007EA4BE /* SeasonTableViewCell.swift in Sources */ = {isa = PBXBuildFile; fileRef = CE7D04351B3EF928007EA4BE /* SeasonTableViewCell.swift */; };
		CE8E4F381B2CAE20006F69A3 /* UIColor+MovileNext.swift in Sources */ = {isa = PBXBuildFile; fileRef = CE8E4F371B2CAE20006F69A3 /* UIColor+MovileNext.swift */; };
		CE8E4F3A1B2CAFBE006F69A3 /* CustomNavigationController.swift in Sources */ = {isa = PBXBuildFile; fileRef = CE8E4F391B2CAFBE006F69A3 /* CustomNavigationController.swift */; };
		CE8E4F3C1B2CB113006F69A3 /* EpisodeViewController.swift in Sources */ = {isa = PBXBuildFile; fileRef = CE8E4F3B1B2CB113006F69A3 /* EpisodeViewController.swift */; };
		CECDB27E1B3754CE00F73E18 /* UIImage+DarkenImage.swift in Sources */ = {isa = PBXBuildFile; fileRef = CECDB27D1B3754CE00F73E18 /* UIImage+DarkenImage.swift */; };
		CECE25001B4048B900484DBE /* ShowInternalViewController.swift in Sources */ = {isa = PBXBuildFile; fileRef = CECE24FF1B4048B900484DBE /* ShowInternalViewController.swift */; };
		CECE25021B408DFF00484DBE /* FavoritesManager.swift in Sources */ = {isa = PBXBuildFile; fileRef = CECE25011B408DFF00484DBE /* FavoritesManager.swift */; };
		CEFBDA131B4816DB006E1EDA /* UINavigationBar+BottomHairline.swift in Sources */ = {isa = PBXBuildFile; fileRef = CEFBDA121B4816DB006E1EDA /* UINavigationBar+BottomHairline.swift */; };
		DB9048A54D5E9A50FB894BB6 /* Pods_unit_tests.framework in Frameworks */ = {isa = PBXBuildFile; fileRef = 94BFC8A1F6FF06FBE128F08B /* Pods_unit_tests.framework */; settings = {ATTRIBUTES = (Weak, ); }; };
/* End PBXBuildFile section */

/* Begin PBXContainerItemProxy section */
		DA5F4757C1E18BE856DCEA9F /* PBXContainerItemProxy */ = {
			isa = PBXContainerItemProxy;
			containerPortal = 64D30B06EE2EE1988B7CE906 /* Project object */;
			proxyType = 1;
			remoteGlobalIDString = AA1327492ED1F37E12C69689;
			remoteInfo = MovileNext;
		};
/* End PBXContainerItemProxy section */

/* Begin PBXFileReference section */
		082BB50A1B68F2A726A2C502 /* Storyboards.swift */ = {isa = PBXFileReference; includeInIndex = 1; lastKnownFileType = sourcecode.swift; path = Storyboards.swift; sourceTree = "<group>"; };
		142B594767018C6530FD69D8 /* Pods-MovileNext.debug.xcconfig */ = {isa = PBXFileReference; includeInIndex = 1; lastKnownFileType = text.xcconfig; name = "Pods-MovileNext.debug.xcconfig"; path = "Pods/Target Support Files/Pods-MovileNext/Pods-MovileNext.debug.xcconfig"; sourceTree = "<group>"; };
		2088022ED65228A1F521FBF8 /* UnitTests.xctest */ = {isa = PBXFileReference; explicitFileType = wrapper.cfbundle; includeInIndex = 0; path = UnitTests.xctest; sourceTree = BUILT_PRODUCTS_DIR; };
		2B1707D61DE58B1A69A96984 /* Pods-MovileNext.release.xcconfig */ = {isa = PBXFileReference; includeInIndex = 1; lastKnownFileType = text.xcconfig; name = "Pods-MovileNext.release.xcconfig"; path = "Pods/Target Support Files/Pods-MovileNext/Pods-MovileNext.release.xcconfig"; sourceTree = "<group>"; };
		3E751F24F7380EDFE19F1602 /* Info.plist */ = {isa = PBXFileReference; includeInIndex = 1; lastKnownFileType = text.plist.xml; path = Info.plist; sourceTree = "<group>"; };
		715FFFE80D687B2C0485F9BE /* Pods_MovileNext.framework */ = {isa = PBXFileReference; explicitFileType = wrapper.framework; includeInIndex = 0; path = Pods_MovileNext.framework; sourceTree = BUILT_PRODUCTS_DIR; };
		7C44D95D1B0E9DCB32F4FAA6 /* UnitTests-Info.plist */ = {isa = PBXFileReference; includeInIndex = 1; lastKnownFileType = text.plist.xml; path = "UnitTests-Info.plist"; sourceTree = "<group>"; };
		81FEFCD340AC536210DA9F93 /* MovileNext.app */ = {isa = PBXFileReference; explicitFileType = wrapper.application; includeInIndex = 0; path = MovileNext.app; sourceTree = BUILT_PRODUCTS_DIR; };
		8C72363449C2E4B014F05381 /* Pods-unit_tests.debug.xcconfig */ = {isa = PBXFileReference; includeInIndex = 1; lastKnownFileType = text.xcconfig; name = "Pods-unit_tests.debug.xcconfig"; path = "Pods/Target Support Files/Pods-unit_tests/Pods-unit_tests.debug.xcconfig"; sourceTree = "<group>"; };
		94BFC8A1F6FF06FBE128F08B /* Pods_unit_tests.framework */ = {isa = PBXFileReference; explicitFileType = wrapper.framework; includeInIndex = 0; path = Pods_unit_tests.framework; sourceTree = BUILT_PRODUCTS_DIR; };
		ADA07210872EF40D38E0B376 /* Main.storyboard */ = {isa = PBXFileReference; includeInIndex = 1; lastKnownFileType = file.storyboard; path = Main.storyboard; sourceTree = "<group>"; };
		AE6A526B85D4B3829DA75E96 /* Images.xcassets */ = {isa = PBXFileReference; includeInIndex = 1; lastKnownFileType = folder.assetcatalog; path = Images.xcassets; sourceTree = "<group>"; };
		CB941FF0C7299D4A14B207FC /* AppDelegate.swift */ = {isa = PBXFileReference; includeInIndex = 1; lastKnownFileType = sourcecode.swift; path = AppDelegate.swift; sourceTree = "<group>"; };
		CE0457CE1B2DC0B900931D8E /* EpisodesListViewController.swift */ = {isa = PBXFileReference; fileEncoding = 4; lastKnownFileType = sourcecode.swift; path = EpisodesListViewController.swift; sourceTree = "<group>"; };
		CE7759311B2DCCAB00609D55 /* EpisodeTableViewCell.swift */ = {isa = PBXFileReference; fileEncoding = 4; lastKnownFileType = sourcecode.swift; path = EpisodeTableViewCell.swift; sourceTree = "<group>"; };
		CE7759331B2DD41100609D55 /* ShowsViewController.swift */ = {isa = PBXFileReference; fileEncoding = 4; lastKnownFileType = sourcecode.swift; path = ShowsViewController.swift; sourceTree = "<group>"; };
		CE7759351B2DFAB200609D55 /* ShowItemCollectionViewCell.swift */ = {isa = PBXFileReference; fileEncoding = 4; lastKnownFileType = sourcecode.swift; path = ShowItemCollectionViewCell.swift; sourceTree = "<group>"; };
		CE7759371B2E1AA200609D55 /* TraktHTTPClient.swift */ = {isa = PBXFileReference; fileEncoding = 4; lastKnownFileType = sourcecode.swift; path = TraktHTTPClient.swift; sourceTree = "<group>"; };
		CE7D042B1B3EE5D4007EA4BE /* DetailShowViewController.swift */ = {isa = PBXFileReference; fileEncoding = 4; lastKnownFileType = sourcecode.swift; path = DetailShowViewController.swift; sourceTree = "<group>"; };
		CE7D042D1B3EEC08007EA4BE /* OverviewShowViewController.swift */ = {isa = PBXFileReference; fileEncoding = 4; lastKnownFileType = sourcecode.swift; path = OverviewShowViewController.swift; sourceTree = "<group>"; };
		CE7D042F1B3EEC48007EA4BE /* SeasonsViewController.swift */ = {isa = PBXFileReference; fileEncoding = 4; lastKnownFileType = sourcecode.swift; path = SeasonsViewController.swift; sourceTree = "<group>"; };
		CE7D04311B3EEC84007EA4BE /* ShowGenresViewController.swift */ = {isa = PBXFileReference; fileEncoding = 4; lastKnownFileType = sourcecode.swift; path = ShowGenresViewController.swift; sourceTree = "<group>"; };
		CE7D04331B3EECA3007EA4BE /* ShowDetailsViewController.swift */ = {isa = PBXFileReference; fileEncoding = 4; lastKnownFileType = sourcecode.swift; path = ShowDetailsViewController.swift; sourceTree = "<group>"; };
		CE7D04351B3EF928007EA4BE /* SeasonTableViewCell.swift */ = {isa = PBXFileReference; fileEncoding = 4; lastKnownFileType = sourcecode.swift; path = SeasonTableViewCell.swift; sourceTree = "<group>"; };
		CE8E4F371B2CAE20006F69A3 /* UIColor+MovileNext.swift */ = {isa = PBXFileReference; fileEncoding = 4; lastKnownFileType = sourcecode.swift; path = "UIColor+MovileNext.swift"; sourceTree = "<group>"; };
		CE8E4F391B2CAFBE006F69A3 /* CustomNavigationController.swift */ = {isa = PBXFileReference; fileEncoding = 4; lastKnownFileType = sourcecode.swift; path = CustomNavigationController.swift; sourceTree = "<group>"; };
		CE8E4F3B1B2CB113006F69A3 /* EpisodeViewController.swift */ = {isa = PBXFileReference; fileEncoding = 4; lastKnownFileType = sourcecode.swift; path = EpisodeViewController.swift; sourceTree = "<group>"; };
		CECDB27D1B3754CE00F73E18 /* UIImage+DarkenImage.swift */ = {isa = PBXFileReference; fileEncoding = 4; lastKnownFileType = sourcecode.swift; path = "UIImage+DarkenImage.swift"; sourceTree = "<group>"; };
		CECE24FF1B4048B900484DBE /* ShowInternalViewController.swift */ = {isa = PBXFileReference; fileEncoding = 4; lastKnownFileType = sourcecode.swift; path = ShowInternalViewController.swift; sourceTree = "<group>"; };
		CECE25011B408DFF00484DBE /* FavoritesManager.swift */ = {isa = PBXFileReference; fileEncoding = 4; lastKnownFileType = sourcecode.swift; path = FavoritesManager.swift; sourceTree = "<group>"; };
		CEFBDA121B4816DB006E1EDA /* UINavigationBar+BottomHairline.swift */ = {isa = PBXFileReference; fileEncoding = 4; lastKnownFileType = sourcecode.swift; path = "UINavigationBar+BottomHairline.swift"; sourceTree = "<group>"; };
		DE8960D3266B12E341B96EF6 /* Foundation.framework */ = {isa = PBXFileReference; lastKnownFileType = wrapper.framework; name = Foundation.framework; path = Platforms/iPhoneOS.platform/Developer/SDKs/iPhoneOS7.1.sdk/System/Library/Frameworks/Foundation.framework; sourceTree = DEVELOPER_DIR; };
		FEA899828A63976EFD177B04 /* Pods-unit_tests.release.xcconfig */ = {isa = PBXFileReference; includeInIndex = 1; lastKnownFileType = text.xcconfig; name = "Pods-unit_tests.release.xcconfig"; path = "Pods/Target Support Files/Pods-unit_tests/Pods-unit_tests.release.xcconfig"; sourceTree = "<group>"; };
/* End PBXFileReference section */

/* Begin PBXFrameworksBuildPhase section */
		1D6CF8BAAE205B07C04BD8FA /* Frameworks */ = {
			isa = PBXFrameworksBuildPhase;
			buildActionMask = 2147483647;
			files = (
				DB9048A54D5E9A50FB894BB6 /* Pods_unit_tests.framework in Frameworks */,
			);
			runOnlyForDeploymentPostprocessing = 0;
		};
		C1561BEF85F678A3B2DB5AD9 /* Frameworks */ = {
			isa = PBXFrameworksBuildPhase;
			buildActionMask = 2147483647;
			files = (
				0B79238F8DA2F6999460998C /* Foundation.framework in Frameworks */,
				1D5509D4927F8938236DD00B /* Pods_MovileNext.framework in Frameworks */,
			);
			runOnlyForDeploymentPostprocessing = 0;
		};
/* End PBXFrameworksBuildPhase section */

/* Begin PBXGroup section */
		069C56BC445DB6B0E19F38DE /* Views */ = {
			isa = PBXGroup;
			children = (
				CE7759311B2DCCAB00609D55 /* EpisodeTableViewCell.swift */,
				CE7759351B2DFAB200609D55 /* ShowItemCollectionViewCell.swift */,
				CE7D04351B3EF928007EA4BE /* SeasonTableViewCell.swift */,
			);
			path = Views;
			sourceTree = "<group>";
		};
		073BFC75AC25F15BCF9203C5 /* Pods */ = {
			isa = PBXGroup;
			children = (
				FEA899828A63976EFD177B04 /* Pods-unit_tests.release.xcconfig */,
				8C72363449C2E4B014F05381 /* Pods-unit_tests.debug.xcconfig */,
				2B1707D61DE58B1A69A96984 /* Pods-MovileNext.release.xcconfig */,
				142B594767018C6530FD69D8 /* Pods-MovileNext.debug.xcconfig */,
			);
			name = Pods;
			sourceTree = "<group>";
		};
		0A79E2ABD9873D86CF22FA3C /* Resources */ = {
			isa = PBXGroup;
			children = (
				AE6A526B85D4B3829DA75E96 /* Images.xcassets */,
				BE7D16C07BDDE9A45FCBA001 /* Storyboards */,
				0E30C0EBC9CD2F1CF083BD66 /* Nibs */,
				AFAF97A078FCCD40C694734A /* Other-Sources */,
			);
			path = Resources;
			sourceTree = "<group>";
		};
		0E30C0EBC9CD2F1CF083BD66 /* Nibs */ = {
			isa = PBXGroup;
			children = (
			);
			path = Nibs;
			sourceTree = "<group>";
		};
		3E974A291F7FB8BB9D0C3A64 /* Controllers */ = {
			isa = PBXGroup;
			children = (
				CB941FF0C7299D4A14B207FC /* AppDelegate.swift */,
				082BB50A1B68F2A726A2C502 /* Storyboards.swift */,
				CE7759371B2E1AA200609D55 /* TraktHTTPClient.swift */,
			);
			path = Controllers;
			sourceTree = "<group>";
		};
		498ECC8EB88456EE107B9252 /* Resources */ = {
			isa = PBXGroup;
			children = (
				7C44D95D1B0E9DCB32F4FAA6 /* UnitTests-Info.plist */,
			);
			path = Resources;
			sourceTree = "<group>";
		};
		4BA8CEC815EC9E704CDF56AD /* Frameworks */ = {
			isa = PBXGroup;
			children = (
				9BCE2F7CB40698F7D75765E1 /* iOS */,
				94BFC8A1F6FF06FBE128F08B /* Pods_unit_tests.framework */,
				715FFFE80D687B2C0485F9BE /* Pods_MovileNext.framework */,
			);
			name = Frameworks;
			sourceTree = "<group>";
		};
		636D483E35D8DBDDEEE7CA88 /* Products */ = {
			isa = PBXGroup;
			children = (
				81FEFCD340AC536210DA9F93 /* MovileNext.app */,
				2088022ED65228A1F521FBF8 /* UnitTests.xctest */,
			);
			name = Products;
			sourceTree = "<group>";
		};
		702F1BD50435D35BB695BC90 /* UnitTests */ = {
			isa = PBXGroup;
			children = (
				498ECC8EB88456EE107B9252 /* Resources */,
				922F2FE304050B6BC239F4CE /* Helpers */,
				9B2B35E2D0BCCB06678137BB /* Tests */,
			);
			path = UnitTests;
			sourceTree = "<group>";
		};
		7F7561B46044F72497D4B78A /* Models */ = {
			isa = PBXGroup;
			children = (
				CECE25011B408DFF00484DBE /* FavoritesManager.swift */,
			);
			path = Models;
			sourceTree = "<group>";
		};
		8257AA751C502E821AC78928 = {
			isa = PBXGroup;
			children = (
				F6CD8AA27A5F6998E81B3DFF /* MovileNext */,
				702F1BD50435D35BB695BC90 /* UnitTests */,
				4BA8CEC815EC9E704CDF56AD /* Frameworks */,
				636D483E35D8DBDDEEE7CA88 /* Products */,
				073BFC75AC25F15BCF9203C5 /* Pods */,
			);
			sourceTree = "<group>";
		};
		922F2FE304050B6BC239F4CE /* Helpers */ = {
			isa = PBXGroup;
			children = (
			);
			path = Helpers;
			sourceTree = "<group>";
		};
		9B2B35E2D0BCCB06678137BB /* Tests */ = {
			isa = PBXGroup;
			children = (
			);
			path = Tests;
			sourceTree = "<group>";
		};
		9BCE2F7CB40698F7D75765E1 /* iOS */ = {
			isa = PBXGroup;
			children = (
				DE8960D3266B12E341B96EF6 /* Foundation.framework */,
			);
			name = iOS;
			sourceTree = "<group>";
		};
		AFAF97A078FCCD40C694734A /* Other-Sources */ = {
			isa = PBXGroup;
			children = (
				3E751F24F7380EDFE19F1602 /* Info.plist */,
			);
			path = "Other-Sources";
			sourceTree = "<group>";
		};
		BE7D16C07BDDE9A45FCBA001 /* Storyboards */ = {
			isa = PBXGroup;
			children = (
				ADA07210872EF40D38E0B376 /* Main.storyboard */,
			);
			path = Storyboards;
			sourceTree = "<group>";
		};
		D4F06DC6FFD342372C9AB24A /* Protocols */ = {
			isa = PBXGroup;
			children = (
				CECE24FF1B4048B900484DBE /* ShowInternalViewController.swift */,
			);
			path = Protocols;
			sourceTree = "<group>";
		};
		E5E652358FA0F7F19999471F /* ViewControllers */ = {
			isa = PBXGroup;
			children = (
				CE8E4F391B2CAFBE006F69A3 /* CustomNavigationController.swift */,
				CE8E4F3B1B2CB113006F69A3 /* EpisodeViewController.swift */,
				CE0457CE1B2DC0B900931D8E /* EpisodesListViewController.swift */,
				CE7759331B2DD41100609D55 /* ShowsViewController.swift */,
				CE7D042B1B3EE5D4007EA4BE /* DetailShowViewController.swift */,
				CE7D042D1B3EEC08007EA4BE /* OverviewShowViewController.swift */,
				CE7D042F1B3EEC48007EA4BE /* SeasonsViewController.swift */,
				CE7D04311B3EEC84007EA4BE /* ShowGenresViewController.swift */,
				CE7D04331B3EECA3007EA4BE /* ShowDetailsViewController.swift */,
			);
			path = ViewControllers;
			sourceTree = "<group>";
		};
		EBA47077DE71BD032DC55EE6 /* Extensions */ = {
			isa = PBXGroup;
			children = (
				CECDB27D1B3754CE00F73E18 /* UIImage+DarkenImage.swift */,
				CE8E4F371B2CAE20006F69A3 /* UIColor+MovileNext.swift */,
				CEFBDA121B4816DB006E1EDA /* UINavigationBar+BottomHairline.swift */,
			);
			path = Extensions;
			sourceTree = "<group>";
		};
		F6CD8AA27A5F6998E81B3DFF /* MovileNext */ = {
			isa = PBXGroup;
			children = (
				EBA47077DE71BD032DC55EE6 /* Extensions */,
				D4F06DC6FFD342372C9AB24A /* Protocols */,
				7F7561B46044F72497D4B78A /* Models */,
				E5E652358FA0F7F19999471F /* ViewControllers */,
				3E974A291F7FB8BB9D0C3A64 /* Controllers */,
				069C56BC445DB6B0E19F38DE /* Views */,
				0A79E2ABD9873D86CF22FA3C /* Resources */,
			);
			path = MovileNext;
			sourceTree = "<group>";
		};
/* End PBXGroup section */

/* Begin PBXNativeTarget section */
		7BD496C622BA680868B86A8C /* UnitTests */ = {
			isa = PBXNativeTarget;
			buildConfigurationList = B01E0C4E7BFA5831F0EE2ECB /* Build configuration list for PBXNativeTarget "UnitTests" */;
			buildPhases = (
				F8A3CB7BE590AB05B388B048 /* Check Pods Manifest.lock */,
				03F9F7493EDB7848A165D837 /* Sources */,
				1D6CF8BAAE205B07C04BD8FA /* Frameworks */,
				799D966CDB2C94FD9062B6DE /* Resources */,
				D63B0B3FDD3A4E9739A862E9 /* Embed Pods Frameworks */,
				E9A3AF48CF0BF3099369AA46 /* Copy Pods Resources */,
			);
			buildRules = (
			);
			dependencies = (
				795983CCF7EDCC1DD6FE70FA /* PBXTargetDependency */,
			);
			name = UnitTests;
			productName = UnitTests;
			productReference = 2088022ED65228A1F521FBF8 /* UnitTests.xctest */;
			productType = "com.apple.product-type.bundle.unit-test";
		};
		AA1327492ED1F37E12C69689 /* MovileNext */ = {
			isa = PBXNativeTarget;
			buildConfigurationList = 1BBA51866775C1E39CFCC3C2 /* Build configuration list for PBXNativeTarget "MovileNext" */;
			buildPhases = (
				3A1ADCDE075A69DB10F31786 /* Check Pods Manifest.lock */,
				CE8E4F3D1B2CBB1A006F69A3 /* Generate Storyboard.swift */,
				FD978FEFD100E28F56AB89A2 /* Sources */,
				C1561BEF85F678A3B2DB5AD9 /* Frameworks */,
				23D2114F772315E0D0354734 /* Resources */,
				F53D761AD6195EE7E08F1AEB /* Embed Pods Frameworks */,
				34E3A5474EEF0CDDF4402296 /* Copy Pods Resources */,
			);
			buildRules = (
			);
			dependencies = (
			);
			name = MovileNext;
			productName = MovileNext;
			productReference = 81FEFCD340AC536210DA9F93 /* MovileNext.app */;
			productType = "com.apple.product-type.application";
		};
/* End PBXNativeTarget section */

/* Begin PBXProject section */
		64D30B06EE2EE1988B7CE906 /* Project object */ = {
			isa = PBXProject;
			attributes = {
				CLASSPREFIX = "";
				LastUpgradeCheck = 0510;
				ORGANIZATIONNAME = JPizzolatto;
			};
			buildConfigurationList = AB9BAD202546ECEA99A81218 /* Build configuration list for PBXProject "MovileNext" */;
			compatibilityVersion = "Xcode 3.2";
			developmentRegion = English;
			hasScannedForEncodings = 0;
			knownRegions = (
				en,
			);
			mainGroup = 8257AA751C502E821AC78928;
			productRefGroup = 636D483E35D8DBDDEEE7CA88 /* Products */;
			projectDirPath = "";
			projectRoot = "";
			targets = (
				AA1327492ED1F37E12C69689 /* MovileNext */,
				7BD496C622BA680868B86A8C /* UnitTests */,
			);
		};
/* End PBXProject section */

/* Begin PBXResourcesBuildPhase section */
		23D2114F772315E0D0354734 /* Resources */ = {
			isa = PBXResourcesBuildPhase;
			buildActionMask = 2147483647;
			files = (
				869DFEBA58598BA654A32399 /* Images.xcassets in Resources */,
			);
			runOnlyForDeploymentPostprocessing = 0;
		};
		799D966CDB2C94FD9062B6DE /* Resources */ = {
			isa = PBXResourcesBuildPhase;
			buildActionMask = 2147483647;
			files = (
			);
			runOnlyForDeploymentPostprocessing = 0;
		};
/* End PBXResourcesBuildPhase section */

/* Begin PBXShellScriptBuildPhase section */
		34E3A5474EEF0CDDF4402296 /* Copy Pods Resources */ = {
			isa = PBXShellScriptBuildPhase;
			buildActionMask = 2147483647;
			files = (
			);
			inputPaths = (
			);
			name = "Copy Pods Resources";
			outputPaths = (
			);
			runOnlyForDeploymentPostprocessing = 0;
			shellPath = /bin/sh;
			shellScript = "\"${SRCROOT}/Pods/Target Support Files/Pods-MovileNext/Pods-MovileNext-resources.sh\"\n";
			showEnvVarsInLog = 0;
		};
		3A1ADCDE075A69DB10F31786 /* Check Pods Manifest.lock */ = {
			isa = PBXShellScriptBuildPhase;
			buildActionMask = 2147483647;
			files = (
			);
			inputPaths = (
			);
			name = "Check Pods Manifest.lock";
			outputPaths = (
			);
			runOnlyForDeploymentPostprocessing = 0;
			shellPath = /bin/sh;
			shellScript = "diff \"${PODS_ROOT}/../Podfile.lock\" \"${PODS_ROOT}/Manifest.lock\" > /dev/null\nif [[ $? != 0 ]] ; then\n    cat << EOM\nerror: The sandbox is not in sync with the Podfile.lock. Run 'pod install' or update your CocoaPods installation.\nEOM\n    exit 1\nfi\n";
			showEnvVarsInLog = 0;
		};
		CE8E4F3D1B2CBB1A006F69A3 /* Generate Storyboard.swift */ = {
			isa = PBXShellScriptBuildPhase;
			buildActionMask = 2147483647;
			files = (
			);
			inputPaths = (
			);
			name = "Generate Storyboard.swift";
			outputPaths = (
			);
			runOnlyForDeploymentPostprocessing = 0;
			shellPath = /bin/sh;
			shellScript = "/usr/local/bin/natalie.swift \"$PROJECT_DIR/$PROJECT_NAME\" > \"$PROJECT_DIR/$PROJECT_NAME/Controllers/Storyboards.swift\"";
		};
		D63B0B3FDD3A4E9739A862E9 /* Embed Pods Frameworks */ = {
			isa = PBXShellScriptBuildPhase;
			buildActionMask = 2147483647;
			files = (
			);
			inputPaths = (
			);
			name = "Embed Pods Frameworks";
			outputPaths = (
			);
			runOnlyForDeploymentPostprocessing = 0;
			shellPath = /bin/sh;
			shellScript = "\"${SRCROOT}/Pods/Target Support Files/Pods-unit_tests/Pods-unit_tests-frameworks.sh\"\n";
			showEnvVarsInLog = 0;
		};
		E9A3AF48CF0BF3099369AA46 /* Copy Pods Resources */ = {
			isa = PBXShellScriptBuildPhase;
			buildActionMask = 2147483647;
			files = (
			);
			inputPaths = (
			);
			name = "Copy Pods Resources";
			outputPaths = (
			);
			runOnlyForDeploymentPostprocessing = 0;
			shellPath = /bin/sh;
			shellScript = "\"${SRCROOT}/Pods/Target Support Files/Pods-unit_tests/Pods-unit_tests-resources.sh\"\n";
			showEnvVarsInLog = 0;
		};
		F53D761AD6195EE7E08F1AEB /* Embed Pods Frameworks */ = {
			isa = PBXShellScriptBuildPhase;
			buildActionMask = 2147483647;
			files = (
			);
			inputPaths = (
			);
			name = "Embed Pods Frameworks";
			outputPaths = (
			);
			runOnlyForDeploymentPostprocessing = 0;
			shellPath = /bin/sh;
			shellScript = "\"${SRCROOT}/Pods/Target Support Files/Pods-MovileNext/Pods-MovileNext-frameworks.sh\"\n";
			showEnvVarsInLog = 0;
		};
		F8A3CB7BE590AB05B388B048 /* Check Pods Manifest.lock */ = {
			isa = PBXShellScriptBuildPhase;
			buildActionMask = 2147483647;
			files = (
			);
			inputPaths = (
			);
			name = "Check Pods Manifest.lock";
			outputPaths = (
			);
			runOnlyForDeploymentPostprocessing = 0;
			shellPath = /bin/sh;
			shellScript = "diff \"${PODS_ROOT}/../Podfile.lock\" \"${PODS_ROOT}/Manifest.lock\" > /dev/null\nif [[ $? != 0 ]] ; then\n    cat << EOM\nerror: The sandbox is not in sync with the Podfile.lock. Run 'pod install' or update your CocoaPods installation.\nEOM\n    exit 1\nfi\n";
			showEnvVarsInLog = 0;
		};
/* End PBXShellScriptBuildPhase section */

/* Begin PBXSourcesBuildPhase section */
		03F9F7493EDB7848A165D837 /* Sources */ = {
			isa = PBXSourcesBuildPhase;
			buildActionMask = 2147483647;
			files = (
			);
			runOnlyForDeploymentPostprocessing = 0;
		};
		FD978FEFD100E28F56AB89A2 /* Sources */ = {
			isa = PBXSourcesBuildPhase;
			buildActionMask = 2147483647;
			files = (
				CECDB27E1B3754CE00F73E18 /* UIImage+DarkenImage.swift in Sources */,
				CE7759341B2DD41100609D55 /* ShowsViewController.swift in Sources */,
				CE8E4F3A1B2CAFBE006F69A3 /* CustomNavigationController.swift in Sources */,
				CE7759361B2DFAB200609D55 /* ShowItemCollectionViewCell.swift in Sources */,
				CE7759321B2DCCAB00609D55 /* EpisodeTableViewCell.swift in Sources */,
				CE7D042C1B3EE5D4007EA4BE /* DetailShowViewController.swift in Sources */,
				CE8E4F3C1B2CB113006F69A3 /* EpisodeViewController.swift in Sources */,
				CECE25001B4048B900484DBE /* ShowInternalViewController.swift in Sources */,
				CEFBDA131B4816DB006E1EDA /* UINavigationBar+BottomHairline.swift in Sources */,
				353426A7CC7C8CAFC5ACD9FF /* AppDelegate.swift in Sources */,
				CE7D042E1B3EEC08007EA4BE /* OverviewShowViewController.swift in Sources */,
				2CF0773C27B7E5356FCBD7ED /* Storyboards.swift in Sources */,
				CECE25021B408DFF00484DBE /* FavoritesManager.swift in Sources */,
				CE0457CF1B2DC0B900931D8E /* EpisodesListViewController.swift in Sources */,
				CE7D04301B3EEC48007EA4BE /* SeasonsViewController.swift in Sources */,
				CE7D04361B3EF928007EA4BE /* SeasonTableViewCell.swift in Sources */,
				A4C2C8E75417D3085A158438 /* Main.storyboard in Sources */,
				CE7D04321B3EEC84007EA4BE /* ShowGenresViewController.swift in Sources */,
				CE7759381B2E1AA200609D55 /* TraktHTTPClient.swift in Sources */,
				CE8E4F381B2CAE20006F69A3 /* UIColor+MovileNext.swift in Sources */,
				CE7D04341B3EECA3007EA4BE /* ShowDetailsViewController.swift in Sources */,
			);
			runOnlyForDeploymentPostprocessing = 0;
		};
/* End PBXSourcesBuildPhase section */

/* Begin PBXTargetDependency section */
		795983CCF7EDCC1DD6FE70FA /* PBXTargetDependency */ = {
			isa = PBXTargetDependency;
			target = AA1327492ED1F37E12C69689 /* MovileNext */;
			targetProxy = DA5F4757C1E18BE856DCEA9F /* PBXContainerItemProxy */;
		};
/* End PBXTargetDependency section */

/* Begin XCBuildConfiguration section */
		2F9ECA5BD3A6AC4177566DE5 /* Release */ = {
			isa = XCBuildConfiguration;
			baseConfigurationReference = 2B1707D61DE58B1A69A96984 /* Pods-MovileNext.release.xcconfig */;
			buildSettings = {
				ALWAYS_SEARCH_USER_PATHS = NO;
				ASSETCATALOG_COMPILER_LAUNCHIMAGE_NAME = LaunchImage;
				COPY_PHASE_STRIP = YES;
				DSTROOT = /tmp/xcodeproj.dst;
				GCC_PRECOMPILE_PREFIX_HEADER = YES;
				INFOPLIST_FILE = "MovileNext/Resources/Other-Sources/Info.plist";
				INSTALL_PATH = "$(BUILT_PRODUCTS_DIR)";
				LD_RUNPATH_SEARCH_PATHS = "$(inherited) @executable_path/Frameworks";
				OTHER_CFLAGS = (
					"-DNS_BLOCK_ASSERTIONS=1",
					"$(inherited)",
				);
				OTHER_CPLUSPLUSFLAGS = (
					"-DNS_BLOCK_ASSERTIONS=1",
					"$(inherited)",
				);
				PRODUCT_NAME = "$(TARGET_NAME)";
				PUBLIC_HEADERS_FOLDER_PATH = "$(TARGET_NAME)";
				SDKROOT = iphoneos;
				TARGETED_DEVICE_FAMILY = 1;
				VALIDATE_PRODUCT = YES;
			};
			name = Release;
		};
		45C02083D2B701DDCF7AB6ED /* Release */ = {
			isa = XCBuildConfiguration;
			buildSettings = {
				ALWAYS_SEARCH_USER_PATHS = NO;
				ASSETCATALOG_COMPILER_APPICON_NAME = AppIcon;
				CLANG_CXX_LANGUAGE_STANDARD = "gnu++0x";
				CLANG_CXX_LIBRARY = "libc++";
				CLANG_ENABLE_MODULES = YES;
				CLANG_ENABLE_OBJC_ARC = YES;
				CLANG_WARN_BOOL_CONVERSION = YES;
				CLANG_WARN_CONSTANT_CONVERSION = YES;
				CLANG_WARN_DIRECT_OBJC_ISA_USAGE = YES;
				CLANG_WARN_EMPTY_BODY = YES;
				CLANG_WARN_ENUM_CONVERSION = YES;
				CLANG_WARN_INT_CONVERSION = YES;
				CLANG_WARN_OBJC_ROOT_CLASS = YES;
				"CODE_SIGN_IDENTITY[sdk=iphoneos*]" = "iPhone Developer";
				COPY_PHASE_STRIP = NO;
				ENABLE_NS_ASSERTIONS = NO;
				GCC_C_LANGUAGE_STANDARD = gnu99;
				GCC_WARN_64_TO_32_BIT_CONVERSION = YES;
				GCC_WARN_ABOUT_RETURN_TYPE = YES;
				GCC_WARN_UNDECLARED_SELECTOR = YES;
				GCC_WARN_UNINITIALIZED_AUTOS = YES;
				GCC_WARN_UNUSED_FUNCTION = YES;
				GCC_WARN_UNUSED_VARIABLE = YES;
				IPHONEOS_DEPLOYMENT_TARGET = 8.0;
				SDKROOT = iphoneos;
				VALIDATE_PRODUCT = YES;
			};
			name = Release;
		};
		82E280CF241A9FA4F158331C /* Debug */ = {
			isa = XCBuildConfiguration;
			buildSettings = {
				ALWAYS_SEARCH_USER_PATHS = NO;
				ASSETCATALOG_COMPILER_APPICON_NAME = AppIcon;
				CLANG_CXX_LANGUAGE_STANDARD = "gnu++0x";
				CLANG_CXX_LIBRARY = "libc++";
				CLANG_ENABLE_MODULES = YES;
				CLANG_ENABLE_OBJC_ARC = YES;
				CLANG_WARN_BOOL_CONVERSION = YES;
				CLANG_WARN_CONSTANT_CONVERSION = YES;
				CLANG_WARN_DIRECT_OBJC_ISA_USAGE = YES;
				CLANG_WARN_EMPTY_BODY = YES;
				CLANG_WARN_ENUM_CONVERSION = YES;
				CLANG_WARN_INT_CONVERSION = YES;
				CLANG_WARN_OBJC_ROOT_CLASS = YES;
				"CODE_SIGN_IDENTITY[sdk=iphoneos*]" = "iPhone Developer";
				COPY_PHASE_STRIP = YES;
				GCC_C_LANGUAGE_STANDARD = gnu99;
				GCC_DYNAMIC_NO_PIC = NO;
				GCC_OPTIMIZATION_LEVEL = 0;
				GCC_PREPROCESSOR_DEFINITIONS = (
					"DEBUG=1",
					"$(inherited)",
				);
				GCC_SYMBOLS_PRIVATE_EXTERN = NO;
				GCC_WARN_64_TO_32_BIT_CONVERSION = YES;
				GCC_WARN_ABOUT_RETURN_TYPE = YES;
				GCC_WARN_UNDECLARED_SELECTOR = YES;
				GCC_WARN_UNINITIALIZED_AUTOS = YES;
				GCC_WARN_UNUSED_FUNCTION = YES;
				GCC_WARN_UNUSED_VARIABLE = YES;
				IPHONEOS_DEPLOYMENT_TARGET = 8.0;
				ONLY_ACTIVE_ARCH = YES;
				SDKROOT = iphoneos;
			};
			name = Debug;
		};
		93E47FE2B27E833D2AC31DA7 /* Debug */ = {
			isa = XCBuildConfiguration;
			baseConfigurationReference = 8C72363449C2E4B014F05381 /* Pods-unit_tests.debug.xcconfig */;
			buildSettings = {
				BUNDLE_LOADER = "$(BUILT_PRODUCTS_DIR)/MovileNext.app/MovileNext";
				FRAMEWORK_SEARCH_PATHS = (
					"$(SDKROOT)/Developer/Library/Frameworks",
					"$(inherited)",
					"$(DEVELOPER_FRAMEWORKS_DIR)",
				);
				INFOPLIST_FILE = "UnitTests/Resources/UnitTests-Info.plist";
				PRODUCT_NAME = "$(TARGET_NAME)";
				SDKROOT = iphoneos;
				SKIP_INSTALL = YES;
				TEST_HOST = "$(BUNDLE_LOADER)";
				WRAPPER_EXTENSION = xctest;
			};
			name = Debug;
		};
		C97EA1918C58C39D9C745329 /* Release */ = {
			isa = XCBuildConfiguration;
			baseConfigurationReference = FEA899828A63976EFD177B04 /* Pods-unit_tests.release.xcconfig */;
			buildSettings = {
				BUNDLE_LOADER = "$(BUILT_PRODUCTS_DIR)/MovileNext.app/MovileNext";
				FRAMEWORK_SEARCH_PATHS = (
					"$(SDKROOT)/Developer/Library/Frameworks",
					"$(inherited)",
					"$(DEVELOPER_FRAMEWORKS_DIR)",
				);
				INFOPLIST_FILE = "UnitTests/Resources/UnitTests-Info.plist";
				PRODUCT_NAME = "$(TARGET_NAME)";
				SDKROOT = iphoneos;
				SKIP_INSTALL = YES;
				TEST_HOST = "$(BUNDLE_LOADER)";
				WRAPPER_EXTENSION = xctest;
			};
			name = Release;
		};
		F789F156AFE72DCEE03A671F /* Debug */ = {
			isa = XCBuildConfiguration;
			baseConfigurationReference = 142B594767018C6530FD69D8 /* Pods-MovileNext.debug.xcconfig */;
			buildSettings = {
				ALWAYS_SEARCH_USER_PATHS = NO;
				ASSETCATALOG_COMPILER_LAUNCHIMAGE_NAME = LaunchImage;
				COPY_PHASE_STRIP = NO;
				DSTROOT = /tmp/xcodeproj.dst;
				GCC_DYNAMIC_NO_PIC = NO;
				GCC_OPTIMIZATION_LEVEL = 0;
				GCC_PRECOMPILE_PREFIX_HEADER = YES;
				GCC_PREPROCESSOR_DEFINITIONS = (
					"DEBUG=1",
					"$(inherited)",
				);
				GCC_SYMBOLS_PRIVATE_EXTERN = NO;
				INFOPLIST_FILE = "MovileNext/Resources/Other-Sources/Info.plist";
				INSTALL_PATH = "$(BUILT_PRODUCTS_DIR)";
				LD_RUNPATH_SEARCH_PATHS = "$(inherited) @executable_path/Frameworks";
				PRODUCT_NAME = "$(TARGET_NAME)";
				PUBLIC_HEADERS_FOLDER_PATH = "$(TARGET_NAME)";
				SDKROOT = iphoneos;
				TARGETED_DEVICE_FAMILY = 1;
			};
			name = Debug;
		};
/* End XCBuildConfiguration section */

/* Begin XCConfigurationList section */
		1BBA51866775C1E39CFCC3C2 /* Build configuration list for PBXNativeTarget "MovileNext" */ = {
			isa = XCConfigurationList;
			buildConfigurations = (
				2F9ECA5BD3A6AC4177566DE5 /* Release */,
				F789F156AFE72DCEE03A671F /* Debug */,
			);
			defaultConfigurationIsVisible = 0;
			defaultConfigurationName = Release;
		};
		AB9BAD202546ECEA99A81218 /* Build configuration list for PBXProject "MovileNext" */ = {
			isa = XCConfigurationList;
			buildConfigurations = (
				82E280CF241A9FA4F158331C /* Debug */,
				45C02083D2B701DDCF7AB6ED /* Release */,
			);
			defaultConfigurationIsVisible = 0;
			defaultConfigurationName = Release;
		};
		B01E0C4E7BFA5831F0EE2ECB /* Build configuration list for PBXNativeTarget "UnitTests" */ = {
			isa = XCConfigurationList;
			buildConfigurations = (
				C97EA1918C58C39D9C745329 /* Release */,
				93E47FE2B27E833D2AC31DA7 /* Debug */,
			);
			defaultConfigurationIsVisible = 0;
			defaultConfigurationName = Release;
		};
/* End XCConfigurationList section */
	};
	rootObject = 64D30B06EE2EE1988B7CE906 /* Project object */;
}
